
Microsoft Visual Studio Solution File, Format Version 12.00
# Visual Studio Version 17
VisualStudioVersion = 17.0.31903.59
MinimumVisualStudioVersion = 10.0.40219.1
Project("{2150E333-8FDC-42A3-9474-1A3956D46DE8}") = "tests", "tests", "{F085C242-69EF-4BD8-926B-7D34EDDDBB8E}"
EndProject
Project("{FAE04EC0-301F-11D3-BF4B-00C04F79EFBC}") = "Academy.Application.Tests.Unit", "tests\Academy.Application.Tests.Unit\Academy.Application.Tests.Unit.csproj", "{480CE7BE-015A-4363-A7F4-9802B9EA7AD2}"
EndProject
Project("{FAE04EC0-301F-11D3-BF4B-00C04F79EFBC}") = "Academy.Domain.Unit.Tests", "tests\Academy.Domain.Tests.Unit\Academy.Domain.Unit.Tests.csproj", "{31EDB867-84FE-4B02-93F1-633DE12651CF}"
EndProject
Project("{FAE04EC0-301F-11D3-BF4B-00C04F79EFBC}") = "Academy.Infrastructure.Unit.Tests", "tests\Academy.Infrastructure.Tests.Unit\Academy.Infrastructure.Unit.Tests.csproj", "{195756D1-1588-4A03-9F08-748F0D895F5A}"
EndProject
Project("{2150E333-8FDC-42A3-9474-1A3956D46DE8}") = "src", "src", "{9F89B55E-07A2-4397-919E-8CDF8D682B24}"
EndProject
Project("{FAE04EC0-301F-11D3-BF4B-00C04F79EFBC}") = "Academy.Application", "src\Academy.Application\Academy.Application.csproj", "{0F0DCCF4-069F-418D-B007-2A30E24067DF}"
EndProject
Project("{FAE04EC0-301F-11D3-BF4B-00C04F79EFBC}") = "Academy.Application.Contract", "src\Academy.Application.Contract\Academy.Application.Contract.csproj", "{AA29A385-4AE5-499F-B2C0-4F8AD58704BD}"
EndProject
Project("{FAE04EC0-301F-11D3-BF4B-00C04F79EFBC}") = "Academy.Domain", "src\Academy.Domain\Academy.Domain.csproj", "{F7EE2B7E-0694-4C42-BE0D-87B4BA5C92F8}"
EndProject
Project("{FAE04EC0-301F-11D3-BF4B-00C04F79EFBC}") = "Academy.Infrastructure", "src\Academy.Infrastructure\Academy.Infrastructure.csproj", "{5C5926E7-AAB9-4228-9511-D2F356CE7064}"
EndProject
Project("{FAE04EC0-301F-11D3-BF4B-00C04F79EFBC}") = "Academy.Infrastructure.Tests.Integration", "tests\Academy.Infrastructure.Tests.Integration\Academy.Infrastructure.Tests.Integration.csproj", "{020E6F11-E1A6-49BA-B47E-F38F0F020E20}"
EndProject
Global
	GlobalSection(SolutionConfigurationPlatforms) = preSolution
		Debug|Any CPU = Debug|Any CPU
		Release|Any CPU = Release|Any CPU
	EndGlobalSection
	GlobalSection(SolutionProperties) = preSolution
		HideSolutionNode = FALSE
	EndGlobalSection
	GlobalSection(ProjectConfigurationPlatforms) = postSolution
		{480CE7BE-015A-4363-A7F4-9802B9EA7AD2}.Debug|Any CPU.ActiveCfg = Debug|Any CPU
		{480CE7BE-015A-4363-A7F4-9802B9EA7AD2}.Debug|Any CPU.Build.0 = Debug|Any CPU
		{480CE7BE-015A-4363-A7F4-9802B9EA7AD2}.Release|Any CPU.ActiveCfg = Release|Any CPU
		{480CE7BE-015A-4363-A7F4-9802B9EA7AD2}.Release|Any CPU.Build.0 = Release|Any CPU
		{31EDB867-84FE-4B02-93F1-633DE12651CF}.Debug|Any CPU.ActiveCfg = Debug|Any CPU
		{31EDB867-84FE-4B02-93F1-633DE12651CF}.Debug|Any CPU.Build.0 = Debug|Any CPU
		{31EDB867-84FE-4B02-93F1-633DE12651CF}.Release|Any CPU.ActiveCfg = Release|Any CPU
		{31EDB867-84FE-4B02-93F1-633DE12651CF}.Release|Any CPU.Build.0 = Release|Any CPU
		{195756D1-1588-4A03-9F08-748F0D895F5A}.Debug|Any CPU.ActiveCfg = Debug|Any CPU
		{195756D1-1588-4A03-9F08-748F0D895F5A}.Debug|Any CPU.Build.0 = Debug|Any CPU
		{195756D1-1588-4A03-9F08-748F0D895F5A}.Release|Any CPU.ActiveCfg = Release|Any CPU
		{195756D1-1588-4A03-9F08-748F0D895F5A}.Release|Any CPU.Build.0 = Release|Any CPU
		{0F0DCCF4-069F-418D-B007-2A30E24067DF}.Debug|Any CPU.ActiveCfg = Debug|Any CPU
		{0F0DCCF4-069F-418D-B007-2A30E24067DF}.Debug|Any CPU.Build.0 = Debug|Any CPU
		{0F0DCCF4-069F-418D-B007-2A30E24067DF}.Release|Any CPU.ActiveCfg = Release|Any CPU
		{0F0DCCF4-069F-418D-B007-2A30E24067DF}.Release|Any CPU.Build.0 = Release|Any CPU
		{AA29A385-4AE5-499F-B2C0-4F8AD58704BD}.Debug|Any CPU.ActiveCfg = Debug|Any CPU
		{AA29A385-4AE5-499F-B2C0-4F8AD58704BD}.Debug|Any CPU.Build.0 = Debug|Any CPU
		{AA29A385-4AE5-499F-B2C0-4F8AD58704BD}.Release|Any CPU.ActiveCfg = Release|Any CPU
		{AA29A385-4AE5-499F-B2C0-4F8AD58704BD}.Release|Any CPU.Build.0 = Release|Any CPU
		{F7EE2B7E-0694-4C42-BE0D-87B4BA5C92F8}.Debug|Any CPU.ActiveCfg = Debug|Any CPU
		{F7EE2B7E-0694-4C42-BE0D-87B4BA5C92F8}.Debug|Any CPU.Build.0 = Debug|Any CPU
		{F7EE2B7E-0694-4C42-BE0D-87B4BA5C92F8}.Release|Any CPU.ActiveCfg = Release|Any CPU
		{F7EE2B7E-0694-4C42-BE0D-87B4BA5C92F8}.Release|Any CPU.Build.0 = Release|Any CPU
		{5C5926E7-AAB9-4228-9511-D2F356CE7064}.Debug|Any CPU.ActiveCfg = Debug|Any CPU
		{5C5926E7-AAB9-4228-9511-D2F356CE7064}.Debug|Any CPU.Build.0 = Debug|Any CPU
		{5C5926E7-AAB9-4228-9511-D2F356CE7064}.Release|Any CPU.ActiveCfg = Release|Any CPU
		{5C5926E7-AAB9-4228-9511-D2F356CE7064}.Release|Any CPU.Build.0 = Release|Any CPU
		{020E6F11-E1A6-49BA-B47E-F38F0F020E20}.Debug|Any CPU.ActiveCfg = Debug|Any CPU
		{020E6F11-E1A6-49BA-B47E-F38F0F020E20}.Debug|Any CPU.Build.0 = Debug|Any CPU
		{020E6F11-E1A6-49BA-B47E-F38F0F020E20}.Release|Any CPU.ActiveCfg = Release|Any CPU
		{020E6F11-E1A6-49BA-B47E-F38F0F020E20}.Release|Any CPU.Build.0 = Release|Any CPU
	EndGlobalSection
	GlobalSection(NestedProjects) = preSolution
		{480CE7BE-015A-4363-A7F4-9802B9EA7AD2} = {F085C242-69EF-4BD8-926B-7D34EDDDBB8E}
		{31EDB867-84FE-4B02-93F1-633DE12651CF} = {F085C242-69EF-4BD8-926B-7D34EDDDBB8E}
		{195756D1-1588-4A03-9F08-748F0D895F5A} = {F085C242-69EF-4BD8-926B-7D34EDDDBB8E}
		{0F0DCCF4-069F-418D-B007-2A30E24067DF} = {9F89B55E-07A2-4397-919E-8CDF8D682B24}
		{AA29A385-4AE5-499F-B2C0-4F8AD58704BD} = {9F89B55E-07A2-4397-919E-8CDF8D682B24}
		{F7EE2B7E-0694-4C42-BE0D-87B4BA5C92F8} = {9F89B55E-07A2-4397-919E-8CDF8D682B24}
		{5C5926E7-AAB9-4228-9511-D2F356CE7064} = {9F89B55E-07A2-4397-919E-8CDF8D682B24}
		{020E6F11-E1A6-49BA-B47E-F38F0F020E20} = {F085C242-69EF-4BD8-926B-7D34EDDDBB8E}
	EndGlobalSection
EndGlobal
